
Microsoft Visual Studio Solution File, Format Version 12.00
# Visual Studio 15
VisualStudioVersion = 15.0.26124.0
MinimumVisualStudioVersion = 15.0.26124.0
Project("{FAE04EC0-301F-11D3-BF4B-00C04F79EFBC}") = "ProAgil.WebAPI", "ProAgil.WebAPI\ProAgil.WebAPI.csproj", "{3E44A25C-C64E-41B3-BC67-80B88354317C}"
EndProject
Project("{FAE04EC0-301F-11D3-BF4B-00C04F79EFBC}") = "ProAgil.Repository", "ProAgil.Repository\ProAgil.Repository.csproj", "{7EDCD373-00D8-4FF6-B119-83ED6A79E6E0}"
EndProject
Project("{FAE04EC0-301F-11D3-BF4B-00C04F79EFBC}") = "ProAgil.Domain", "ProAgil.Domain\ProAgil.Domain.csproj", "{5C12335F-3C8E-47D5-B8C8-A034AC2B4A79}"
EndProject
Global
	GlobalSection(SolutionConfigurationPlatforms) = preSolution
		Debug|Any CPU = Debug|Any CPU
		Debug|x64 = Debug|x64
		Debug|x86 = Debug|x86
		Release|Any CPU = Release|Any CPU
		Release|x64 = Release|x64
		Release|x86 = Release|x86
	EndGlobalSection
	GlobalSection(SolutionProperties) = preSolution
		HideSolutionNode = FALSE
	EndGlobalSection
	GlobalSection(ProjectConfigurationPlatforms) = postSolution
		{3E44A25C-C64E-41B3-BC67-80B88354317C}.Debug|Any CPU.ActiveCfg = Debug|Any CPU
		{3E44A25C-C64E-41B3-BC67-80B88354317C}.Debug|Any CPU.Build.0 = Debug|Any CPU
		{3E44A25C-C64E-41B3-BC67-80B88354317C}.Debug|x64.ActiveCfg = Debug|Any CPU
		{3E44A25C-C64E-41B3-BC67-80B88354317C}.Debug|x64.Build.0 = Debug|Any CPU
		{3E44A25C-C64E-41B3-BC67-80B88354317C}.Debug|x86.ActiveCfg = Debug|Any CPU
		{3E44A25C-C64E-41B3-BC67-80B88354317C}.Debug|x86.Build.0 = Debug|Any CPU
		{3E44A25C-C64E-41B3-BC67-80B88354317C}.Release|Any CPU.ActiveCfg = Release|Any CPU
		{3E44A25C-C64E-41B3-BC67-80B88354317C}.Release|Any CPU.Build.0 = Release|Any CPU
		{3E44A25C-C64E-41B3-BC67-80B88354317C}.Release|x64.ActiveCfg = Release|Any CPU
		{3E44A25C-C64E-41B3-BC67-80B88354317C}.Release|x64.Build.0 = Release|Any CPU
		{3E44A25C-C64E-41B3-BC67-80B88354317C}.Release|x86.ActiveCfg = Release|Any CPU
		{3E44A25C-C64E-41B3-BC67-80B88354317C}.Release|x86.Build.0 = Release|Any CPU
		{7EDCD373-00D8-4FF6-B119-83ED6A79E6E0}.Debug|Any CPU.ActiveCfg = Debug|Any CPU
		{7EDCD373-00D8-4FF6-B119-83ED6A79E6E0}.Debug|Any CPU.Build.0 = Debug|Any CPU
		{7EDCD373-00D8-4FF6-B119-83ED6A79E6E0}.Debug|x64.ActiveCfg = Debug|Any CPU
		{7EDCD373-00D8-4FF6-B119-83ED6A79E6E0}.Debug|x64.Build.0 = Debug|Any CPU
		{7EDCD373-00D8-4FF6-B119-83ED6A79E6E0}.Debug|x86.ActiveCfg = Debug|Any CPU
		{7EDCD373-00D8-4FF6-B119-83ED6A79E6E0}.Debug|x86.Build.0 = Debug|Any CPU
		{7EDCD373-00D8-4FF6-B119-83ED6A79E6E0}.Release|Any CPU.ActiveCfg = Release|Any CPU
		{7EDCD373-00D8-4FF6-B119-83ED6A79E6E0}.Release|Any CPU.Build.0 = Release|Any CPU
		{7EDCD373-00D8-4FF6-B119-83ED6A79E6E0}.Release|x64.ActiveCfg = Release|Any CPU
		{7EDCD373-00D8-4FF6-B119-83ED6A79E6E0}.Release|x64.Build.0 = Release|Any CPU
		{7EDCD373-00D8-4FF6-B119-83ED6A79E6E0}.Release|x86.ActiveCfg = Release|Any CPU
		{7EDCD373-00D8-4FF6-B119-83ED6A79E6E0}.Release|x86.Build.0 = Release|Any CPU
		{5C12335F-3C8E-47D5-B8C8-A034AC2B4A79}.Debug|Any CPU.ActiveCfg = Debug|Any CPU
		{5C12335F-3C8E-47D5-B8C8-A034AC2B4A79}.Debug|Any CPU.Build.0 = Debug|Any CPU
		{5C12335F-3C8E-47D5-B8C8-A034AC2B4A79}.Debug|x64.ActiveCfg = Debug|Any CPU
		{5C12335F-3C8E-47D5-B8C8-A034AC2B4A79}.Debug|x64.Build.0 = Debug|Any CPU
		{5C12335F-3C8E-47D5-B8C8-A034AC2B4A79}.Debug|x86.ActiveCfg = Debug|Any CPU
		{5C12335F-3C8E-47D5-B8C8-A034AC2B4A79}.Debug|x86.Build.0 = Debug|Any CPU
		{5C12335F-3C8E-47D5-B8C8-A034AC2B4A79}.Release|Any CPU.ActiveCfg = Release|Any CPU
		{5C12335F-3C8E-47D5-B8C8-A034AC2B4A79}.Release|Any CPU.Build.0 = Release|Any CPU
		{5C12335F-3C8E-47D5-B8C8-A034AC2B4A79}.Release|x64.ActiveCfg = Release|Any CPU
		{5C12335F-3C8E-47D5-B8C8-A034AC2B4A79}.Release|x64.Build.0 = Release|Any CPU
		{5C12335F-3C8E-47D5-B8C8-A034AC2B4A79}.Release|x86.ActiveCfg = Release|Any CPU
		{5C12335F-3C8E-47D5-B8C8-A034AC2B4A79}.Release|x86.Build.0 = Release|Any CPU
	EndGlobalSection
EndGlobal
